
Microsoft Visual Studio Solution File, Format Version 12.00
# Visual Studio Version 17
VisualStudioVersion = 17.2.32630.192
MinimumVisualStudioVersion = 10.0.40219.1
Project("{FAE04EC0-301F-11D3-BF4B-00C04F79EFBC}") = "IdadesWhile", "IdadesWhile\IdadesWhile.csproj", "{FE0779C2-A2BD-4BCF-9543-3778D5F0A03A}"
EndProject
Global
	GlobalSection(SolutionConfigurationPlatforms) = preSolution
		Debug|Any CPU = Debug|Any CPU
		Release|Any CPU = Release|Any CPU
	EndGlobalSection
	GlobalSection(ProjectConfigurationPlatforms) = postSolution
		{FE0779C2-A2BD-4BCF-9543-3778D5F0A03A}.Debug|Any CPU.ActiveCfg = Debug|Any CPU
		{FE0779C2-A2BD-4BCF-9543-3778D5F0A03A}.Debug|Any CPU.Build.0 = Debug|Any CPU
		{FE0779C2-A2BD-4BCF-9543-3778D5F0A03A}.Release|Any CPU.ActiveCfg = Release|Any CPU
		{FE0779C2-A2BD-4BCF-9543-3778D5F0A03A}.Release|Any CPU.Build.0 = Release|Any CPU
	EndGlobalSection
	GlobalSection(SolutionProperties) = preSolution
		HideSolutionNode = FALSE
	EndGlobalSection
	GlobalSection(ExtensibilityGlobals) = postSolution
		SolutionGuid = {D5B9A2D4-2A6D-4DB1-81D9-5796DBE449B5}
	EndGlobalSection
EndGlobal
