
Microsoft Visual Studio Solution File, Format Version 12.00
# Visual Studio Version 17
VisualStudioVersion = 17.3.32929.385
MinimumVisualStudioVersion = 10.0.40219.1
Project("{FAE04EC0-301F-11D3-BF4B-00C04F79EFBC}") = "ArrayWhileSwitchcaseFuncao", "ArrayWhileSwitchcaseFuncao\ArrayWhileSwitchcaseFuncao.csproj", "{7F49665A-CCAB-4FDB-A3EB-8B757630BBEC}"
EndProject
Global
	GlobalSection(SolutionConfigurationPlatforms) = preSolution
		Debug|Any CPU = Debug|Any CPU
		Release|Any CPU = Release|Any CPU
	EndGlobalSection
	GlobalSection(ProjectConfigurationPlatforms) = postSolution
		{7F49665A-CCAB-4FDB-A3EB-8B757630BBEC}.Debug|Any CPU.ActiveCfg = Debug|Any CPU
		{7F49665A-CCAB-4FDB-A3EB-8B757630BBEC}.Debug|Any CPU.Build.0 = Debug|Any CPU
		{7F49665A-CCAB-4FDB-A3EB-8B757630BBEC}.Release|Any CPU.ActiveCfg = Release|Any CPU
		{7F49665A-CCAB-4FDB-A3EB-8B757630BBEC}.Release|Any CPU.Build.0 = Release|Any CPU
	EndGlobalSection
	GlobalSection(SolutionProperties) = preSolution
		HideSolutionNode = FALSE
	EndGlobalSection
	GlobalSection(ExtensibilityGlobals) = postSolution
		SolutionGuid = {6801A6D6-A028-46DF-A32B-F8C67582F96A}
	EndGlobalSection
EndGlobal
