
Microsoft Visual Studio Solution File, Format Version 12.00
# Visual Studio Version 17
VisualStudioVersion = 17.4.33213.308
MinimumVisualStudioVersion = 10.0.40219.1
Project("{FAE04EC0-301F-11D3-BF4B-00C04F79EFBC}") = "Cadastro_de_Alunos", "Cadastro_de_Alunos\Cadastro_de_Alunos.csproj", "{126C1F06-2E06-431A-80A3-EBC1AC9C0022}"
EndProject
Global
	GlobalSection(SolutionConfigurationPlatforms) = preSolution
		Debug|Any CPU = Debug|Any CPU
		Release|Any CPU = Release|Any CPU
	EndGlobalSection
	GlobalSection(ProjectConfigurationPlatforms) = postSolution
		{126C1F06-2E06-431A-80A3-EBC1AC9C0022}.Debug|Any CPU.ActiveCfg = Debug|Any CPU
		{126C1F06-2E06-431A-80A3-EBC1AC9C0022}.Debug|Any CPU.Build.0 = Debug|Any CPU
		{126C1F06-2E06-431A-80A3-EBC1AC9C0022}.Release|Any CPU.ActiveCfg = Release|Any CPU
		{126C1F06-2E06-431A-80A3-EBC1AC9C0022}.Release|Any CPU.Build.0 = Release|Any CPU
	EndGlobalSection
	GlobalSection(SolutionProperties) = preSolution
		HideSolutionNode = FALSE
	EndGlobalSection
	GlobalSection(ExtensibilityGlobals) = postSolution
		SolutionGuid = {F2A3048E-B126-4D3D-9A08-7188A9C270EC}
	EndGlobalSection
EndGlobal
