
Microsoft Visual Studio Solution File, Format Version 12.00
# Visual Studio Version 17
VisualStudioVersion = 17.4.33213.308
MinimumVisualStudioVersion = 10.0.40219.1
Project("{FAE04EC0-301F-11D3-BF4B-00C04F79EFBC}") = "RadioButton", "RadioButton\RadioButton.csproj", "{1FFC39B5-0631-4009-95DD-FA0534CAB84C}"
EndProject
Global
	GlobalSection(SolutionConfigurationPlatforms) = preSolution
		Debug|Any CPU = Debug|Any CPU
		Release|Any CPU = Release|Any CPU
	EndGlobalSection
	GlobalSection(ProjectConfigurationPlatforms) = postSolution
		{1FFC39B5-0631-4009-95DD-FA0534CAB84C}.Debug|Any CPU.ActiveCfg = Debug|Any CPU
		{1FFC39B5-0631-4009-95DD-FA0534CAB84C}.Debug|Any CPU.Build.0 = Debug|Any CPU
		{1FFC39B5-0631-4009-95DD-FA0534CAB84C}.Release|Any CPU.ActiveCfg = Release|Any CPU
		{1FFC39B5-0631-4009-95DD-FA0534CAB84C}.Release|Any CPU.Build.0 = Release|Any CPU
	EndGlobalSection
	GlobalSection(SolutionProperties) = preSolution
		HideSolutionNode = FALSE
	EndGlobalSection
	GlobalSection(ExtensibilityGlobals) = postSolution
		SolutionGuid = {4ACA5D40-B674-43E3-B77B-E4C3187897B8}
	EndGlobalSection
EndGlobal
