
Microsoft Visual Studio Solution File, Format Version 12.00
# Visual Studio Version 17
VisualStudioVersion = 17.4.33213.308
MinimumVisualStudioVersion = 10.0.40219.1
Project("{FAE04EC0-301F-11D3-BF4B-00C04F79EFBC}") = "Menssagens", "Menssagens\Menssagens.csproj", "{5F2AC907-3B12-4A19-9C86-AD44F45CD49A}"
EndProject
Global
	GlobalSection(SolutionConfigurationPlatforms) = preSolution
		Debug|Any CPU = Debug|Any CPU
		Release|Any CPU = Release|Any CPU
	EndGlobalSection
	GlobalSection(ProjectConfigurationPlatforms) = postSolution
		{5F2AC907-3B12-4A19-9C86-AD44F45CD49A}.Debug|Any CPU.ActiveCfg = Debug|Any CPU
		{5F2AC907-3B12-4A19-9C86-AD44F45CD49A}.Debug|Any CPU.Build.0 = Debug|Any CPU
		{5F2AC907-3B12-4A19-9C86-AD44F45CD49A}.Release|Any CPU.ActiveCfg = Release|Any CPU
		{5F2AC907-3B12-4A19-9C86-AD44F45CD49A}.Release|Any CPU.Build.0 = Release|Any CPU
	EndGlobalSection
	GlobalSection(SolutionProperties) = preSolution
		HideSolutionNode = FALSE
	EndGlobalSection
	GlobalSection(ExtensibilityGlobals) = postSolution
		SolutionGuid = {89A10AEB-85A5-4A03-AC74-8053956B77DC}
	EndGlobalSection
EndGlobal
