
Microsoft Visual Studio Solution File, Format Version 12.00
# Visual Studio Version 17
VisualStudioVersion = 17.2.32630.192
MinimumVisualStudioVersion = 10.0.40219.1
Project("{FAE04EC0-301F-11D3-BF4B-00C04F79EFBC}") = "ProjetoIFELSE", "ProjetoIFELSE\ProjetoIFELSE.csproj", "{C1DB8614-BF15-4A90-A5F8-63658A6F4D02}"
EndProject
Global
	GlobalSection(SolutionConfigurationPlatforms) = preSolution
		Debug|Any CPU = Debug|Any CPU
		Release|Any CPU = Release|Any CPU
	EndGlobalSection
	GlobalSection(ProjectConfigurationPlatforms) = postSolution
		{C1DB8614-BF15-4A90-A5F8-63658A6F4D02}.Debug|Any CPU.ActiveCfg = Debug|Any CPU
		{C1DB8614-BF15-4A90-A5F8-63658A6F4D02}.Debug|Any CPU.Build.0 = Debug|Any CPU
		{C1DB8614-BF15-4A90-A5F8-63658A6F4D02}.Release|Any CPU.ActiveCfg = Release|Any CPU
		{C1DB8614-BF15-4A90-A5F8-63658A6F4D02}.Release|Any CPU.Build.0 = Release|Any CPU
	EndGlobalSection
	GlobalSection(SolutionProperties) = preSolution
		HideSolutionNode = FALSE
	EndGlobalSection
	GlobalSection(ExtensibilityGlobals) = postSolution
		SolutionGuid = {DCB89113-3068-4F88-826B-343BC314788C}
	EndGlobalSection
EndGlobal
